
Microsoft Visual Studio Solution File, Format Version 12.00
# Visual Studio Version 16
VisualStudioVersion = 16.0.808.2
MinimumVisualStudioVersion = 10.0.40219.1
Project("{FAE04EC0-301F-11D3-BF4B-00C04F79EFBC}") = "Parcial", "Parcial.csproj", "{C3EC29D9-28EE-4EAC-A2E0-5C2E7DD8913E}"
EndProject
Global
	GlobalSection(SolutionConfigurationPlatforms) = preSolution
		Debug|Any CPU = Debug|Any CPU
		Release|Any CPU = Release|Any CPU
	EndGlobalSection
	GlobalSection(ProjectConfigurationPlatforms) = postSolution
		{C3EC29D9-28EE-4EAC-A2E0-5C2E7DD8913E}.Debug|Any CPU.ActiveCfg = Debug|Any CPU
		{C3EC29D9-28EE-4EAC-A2E0-5C2E7DD8913E}.Debug|Any CPU.Build.0 = Debug|Any CPU
		{C3EC29D9-28EE-4EAC-A2E0-5C2E7DD8913E}.Release|Any CPU.ActiveCfg = Release|Any CPU
		{C3EC29D9-28EE-4EAC-A2E0-5C2E7DD8913E}.Release|Any CPU.Build.0 = Release|Any CPU
	EndGlobalSection
	GlobalSection(SolutionProperties) = preSolution
		HideSolutionNode = FALSE
	EndGlobalSection
	GlobalSection(ExtensibilityGlobals) = postSolution
		SolutionGuid = {4A610F7A-6159-4512-8AC7-9C9C2459DC7C}
	EndGlobalSection
EndGlobal
